// !$*UTF8*$!
{
	archiveVersion = 1;
	classes = {
	};
	objectVersion = 50;
	objects = {

/* Begin PBXBuildFile section */
		FD4C3E7723EB286000A9056A /* AppDelegate.swift in Sources */ = {isa = PBXBuildFile; fileRef = FD4C3E7623EB286000A9056A /* AppDelegate.swift */; };
		FD4C3E7923EB286000A9056A /* SceneDelegate.swift in Sources */ = {isa = PBXBuildFile; fileRef = FD4C3E7823EB286000A9056A /* SceneDelegate.swift */; };
		FD4C3E7B23EB286000A9056A /* ViewController.swift in Sources */ = {isa = PBXBuildFile; fileRef = FD4C3E7A23EB286000A9056A /* ViewController.swift */; };
		FD4C3E7E23EB286000A9056A /* Main.storyboard in Resources */ = {isa = PBXBuildFile; fileRef = FD4C3E7C23EB286000A9056A /* Main.storyboard */; };
		FD4C3E8023EB286300A9056A /* Assets.xcassets in Resources */ = {isa = PBXBuildFile; fileRef = FD4C3E7F23EB286300A9056A /* Assets.xcassets */; };
		FD4C3E8323EB286300A9056A /* LaunchScreen.storyboard in Resources */ = {isa = PBXBuildFile; fileRef = FD4C3E8123EB286300A9056A /* LaunchScreen.storyboard */; };
/* End PBXBuildFile section */

/* Begin PBXFileReference section */
		FD4C3E7323EB286000A9056A /* SpeechRec.app */ = {isa = PBXFileReference; explicitFileType = wrapper.application; includeInIndex = 0; path = SpeechRec.app; sourceTree = BUILT_PRODUCTS_DIR; };
		FD4C3E7623EB286000A9056A /* AppDelegate.swift */ = {isa = PBXFileReference; lastKnownFileType = sourcecode.swift; path = AppDelegate.swift; sourceTree = "<group>"; };
		FD4C3E7823EB286000A9056A /* SceneDelegate.swift */ = {isa = PBXFileReference; lastKnownFileType = sourcecode.swift; path = SceneDelegate.swift; sourceTree = "<group>"; };
		FD4C3E7A23EB286000A9056A /* ViewController.swift */ = {isa = PBXFileReference; lastKnownFileType = sourcecode.swift; path = ViewController.swift; sourceTree = "<group>"; };
		FD4C3E7D23EB286000A9056A /* Base */ = {isa = PBXFileReference; lastKnownFileType = file.storyboard; name = Base; path = Base.lproj/Main.storyboard; sourceTree = "<group>"; };
		FD4C3E7F23EB286300A9056A /* Assets.xcassets */ = {isa = PBXFileReference; lastKnownFileType = folder.assetcatalog; path = Assets.xcassets; sourceTree = "<group>"; };
		FD4C3E8223EB286300A9056A /* Base */ = {isa = PBXFileReference; lastKnownFileType = file.storyboard; name = Base; path = Base.lproj/LaunchScreen.storyboard; sourceTree = "<group>"; };
		FD4C3E8423EB286300A9056A /* Info.plist */ = {isa = PBXFileReference; lastKnownFileType = text.plist.xml; path = Info.plist; sourceTree = "<group>"; };
/* End PBXFileReference section */

/* Begin PBXFrameworksBuildPhase section */
		FD4C3E7023EB286000A9056A /* Frameworks */ = {
			isa = PBXFrameworksBuildPhase;
			buildActionMask = 2147483647;
			files = (
			);
			runOnlyForDeploymentPostprocessing = 0;
		};
/* End PBXFrameworksBuildPhase section */

/* Begin PBXGroup section */
		FD4C3E6A23EB286000A9056A = {
			isa = PBXGroup;
			children = (
				FD4C3E7523EB286000A9056A /* SpeechRecogniser */,
				FD4C3E7423EB286000A9056A /* Products */,
			);
			sourceTree = "<group>";
		};
		FD4C3E7423EB286000A9056A /* Products */ = {
			isa = PBXGroup;
			children = (
				FD4C3E7323EB286000A9056A /* SpeechRec.app */,
			);
			name = Products;
			sourceTree = "<group>";
		};
		FD4C3E7523EB286000A9056A /* SpeechRecogniser */ = {
			isa = PBXGroup;
			children = (
				FD4C3E7623EB286000A9056A /* AppDelegate.swift */,
				FD4C3E7823EB286000A9056A /* SceneDelegate.swift */,
				FD4C3E7A23EB286000A9056A /* ViewController.swift */,
				FD4C3E7C23EB286000A9056A /* Main.storyboard */,
				FD4C3E7F23EB286300A9056A /* Assets.xcassets */,
				FD4C3E8123EB286300A9056A /* LaunchScreen.storyboard */,
				FD4C3E8423EB286300A9056A /* Info.plist */,
			);
			path = SpeechRecogniser;
			sourceTree = "<group>";
		};
/* End PBXGroup section */

/* Begin PBXNativeTarget section */
		FD4C3E7223EB286000A9056A /* SpeechRecogniser */ = {
			isa = PBXNativeTarget;
			buildConfigurationList = FD4C3E8723EB286300A9056A /* Build configuration list for PBXNativeTarget "SpeechRecogniser" */;
			buildPhases = (
				FD4C3E6F23EB286000A9056A /* Sources */,
				FD4C3E7023EB286000A9056A /* Frameworks */,
				FD4C3E7123EB286000A9056A /* Resources */,
			);
			buildRules = (
			);
			dependencies = (
			);
			name = SpeechRecogniser;
			productName = SpeechRecogniser;
			productReference = FD4C3E7323EB286000A9056A /* SpeechRec.app */;
			productType = "com.apple.product-type.application";
		};
/* End PBXNativeTarget section */

/* Begin PBXProject section */
		FD4C3E6B23EB286000A9056A /* Project object */ = {
			isa = PBXProject;
			attributes = {
				LastSwiftUpdateCheck = 1130;
				LastUpgradeCheck = 1130;
				ORGANIZATIONNAME = "Nadzeya Karaban";
				TargetAttributes = {
					FD4C3E7223EB286000A9056A = {
						CreatedOnToolsVersion = 11.3.1;
					};
				};
			};
			buildConfigurationList = FD4C3E6E23EB286000A9056A /* Build configuration list for PBXProject "SpeechRecogniser" */;
			compatibilityVersion = "Xcode 9.3";
			developmentRegion = en;
			hasScannedForEncodings = 0;
			knownRegions = (
				en,
				Base,
			);
			mainGroup = FD4C3E6A23EB286000A9056A;
			productRefGroup = FD4C3E7423EB286000A9056A /* Products */;
			projectDirPath = "";
			projectRoot = "";
			targets = (
				FD4C3E7223EB286000A9056A /* SpeechRecogniser */,
			);
		};
/* End PBXProject section */

/* Begin PBXResourcesBuildPhase section */
		FD4C3E7123EB286000A9056A /* Resources */ = {
			isa = PBXResourcesBuildPhase;
			buildActionMask = 2147483647;
			files = (
				FD4C3E8323EB286300A9056A /* LaunchScreen.storyboard in Resources */,
				FD4C3E8023EB286300A9056A /* Assets.xcassets in Resources */,
				FD4C3E7E23EB286000A9056A /* Main.storyboard in Resources */,
			);
			runOnlyForDeploymentPostprocessing = 0;
		};
/* End PBXResourcesBuildPhase section */

/* Begin PBXSourcesBuildPhase section */
		FD4C3E6F23EB286000A9056A /* Sources */ = {
			isa = PBXSourcesBuildPhase;
			buildActionMask = 2147483647;
			files = (
				FD4C3E7B23EB286000A9056A /* ViewController.swift in Sources */,
				FD4C3E7723EB286000A9056A /* AppDelegate.swift in Sources */,
				FD4C3E7923EB286000A9056A /* SceneDelegate.swift in Sources */,
			);
			runOnlyForDeploymentPostprocessing = 0;
		};
/* End PBXSourcesBuildPhase section */

/* Begin PBXVariantGroup section */
		FD4C3E7C23EB286000A9056A /* Main.storyboard */ = {
			isa = PBXVariantGroup;
			children = (
				FD4C3E7D23EB286000A9056A /* Base */,
			);
			name = Main.storyboard;
			sourceTree = "<group>";
		};
		FD4C3E8123EB286300A9056A /* LaunchScreen.storyboard */ = {
			isa = PBXVariantGroup;
			children = (
				FD4C3E8223EB286300A9056A /* Base */,
			);
			name = LaunchScreen.storyboard;
			sourceTree = "<group>";
		};
/* End PBXVariantGroup section */

/* Begin XCBuildConfiguration section */
		FD4C3E8523EB286300A9056A /* Debug */ = {
			isa = XCBuildConfiguration;
			buildSettings = {
				ALWAYS_SEARCH_USER_PATHS = NO;
				CLANG_ANALYZER_NONNULL = YES;
				CLANG_ANALYZER_NUMBER_OBJECT_CONVERSION = YES_AGGRESSIVE;
				CLANG_CXX_LANGUAGE_STANDARD = "gnu++14";
				CLANG_CXX_LIBRARY = "libc++";
				CLANG_ENABLE_MODULES = YES;
				CLANG_ENABLE_OBJC_ARC = YES;
				CLANG_ENABLE_OBJC_WEAK = YES;
				CLANG_WARN_BLOCK_CAPTURE_AUTORELEASING = YES;
				CLANG_WARN_BOOL_CONVERSION = YES;
				CLANG_WARN_COMMA = YES;
				CLANG_WARN_CONSTANT_CONVERSION = YES;
				CLANG_WARN_DEPRECATED_OBJC_IMPLEMENTATIONS = YES;
				CLANG_WARN_DIRECT_OBJC_ISA_USAGE = YES_ERROR;
				CLANG_WARN_DOCUMENTATION_COMMENTS = YES;
				CLANG_WARN_EMPTY_BODY = YES;
				CLANG_WARN_ENUM_CONVERSION = YES;
				CLANG_WARN_INFINITE_RECURSION = YES;
				CLANG_WARN_INT_CONVERSION = YES;
				CLANG_WARN_NON_LITERAL_NULL_CONVERSION = YES;
				CLANG_WARN_OBJC_IMPLICIT_RETAIN_SELF = YES;
				CLANG_WARN_OBJC_LITERAL_CONVERSION = YES;
				CLANG_WARN_OBJC_ROOT_CLASS = YES_ERROR;
				CLANG_WARN_RANGE_LOOP_ANALYSIS = YES;
				CLANG_WARN_STRICT_PROTOTYPES = YES;
				CLANG_WARN_SUSPICIOUS_MOVE = YES;
				CLANG_WARN_UNGUARDED_AVAILABILITY = YES_AGGRESSIVE;
				CLANG_WARN_UNREACHABLE_CODE = YES;
				CLANG_WARN__DUPLICATE_METHOD_MATCH = YES;
				COPY_PHASE_STRIP = NO;
				DEBUG_INFORMATION_FORMAT = dwarf;
				ENABLE_STRICT_OBJC_MSGSEND = YES;
				ENABLE_TESTABILITY = YES;
				GCC_C_LANGUAGE_STANDARD = gnu11;
				GCC_DYNAMIC_NO_PIC = NO;
				GCC_NO_COMMON_BLOCKS = YES;
				GCC_OPTIMIZATION_LEVEL = 0;
				GCC_PREPROCESSOR_DEFINITIONS = (
					"DEBUG=1",
					"$(inherited)",
				);
				GCC_WARN_64_TO_32_BIT_CONVERSION = YES;
				GCC_WARN_ABOUT_RETURN_TYPE = YES_ERROR;
				GCC_WARN_UNDECLARED_SELECTOR = YES;
				GCC_WARN_UNINITIALIZED_AUTOS = YES_AGGRESSIVE;
				GCC_WARN_UNUSED_FUNCTION = YES;
				GCC_WARN_UNUSED_VARIABLE = YES;
				IPHONEOS_DEPLOYMENT_TARGET = 13.2;
				MTL_ENABLE_DEBUG_INFO = INCLUDE_SOURCE;
				MTL_FAST_MATH = YES;
				ONLY_ACTIVE_ARCH = YES;
				SDKROOT = iphoneos;
				SWIFT_ACTIVE_COMPILATION_CONDITIONS = DEBUG;
				SWIFT_OPTIMIZATION_LEVEL = "-Onone";
			};
			name = Debug;
		};
		FD4C3E8623EB286300A9056A /* Release */ = {
			isa = XCBuildConfiguration;
			buildSettings = {
				ALWAYS_SEARCH_USER_PATHS = NO;
				CLANG_ANALYZER_NONNULL = YES;
				CLANG_ANALYZER_NUMBER_OBJECT_CONVERSION = YES_AGGRESSIVE;
				CLANG_CXX_LANGUAGE_STANDARD = "gnu++14";
				CLANG_CXX_LIBRARY = "libc++";
				CLANG_ENABLE_MODULES = YES;
				CLANG_ENABLE_OBJC_ARC = YES;
				CLANG_ENABLE_OBJC_WEAK = YES;
				CLANG_WARN_BLOCK_CAPTURE_AUTORELEASING = YES;
				CLANG_WARN_BOOL_CONVERSION = YES;
				CLANG_WARN_COMMA = YES;
				CLANG_WARN_CONSTANT_CONVERSION = YES;
				CLANG_WARN_DEPRECATED_OBJC_IMPLEMENTATIONS = YES;
				CLANG_WARN_DIRECT_OBJC_ISA_USAGE = YES_ERROR;
				CLANG_WARN_DOCUMENTATION_COMMENTS = YES;
				CLANG_WARN_EMPTY_BODY = YES;
				CLANG_WARN_ENUM_CONVERSION = YES;
				CLANG_WARN_INFINITE_RECURSION = YES;
				CLANG_WARN_INT_CONVERSION = YES;
				CLANG_WARN_NON_LITERAL_NULL_CONVERSION = YES;
				CLANG_WARN_OBJC_IMPLICIT_RETAIN_SELF = YES;
				CLANG_WARN_OBJC_LITERAL_CONVERSION = YES;
				CLANG_WARN_OBJC_ROOT_CLASS = YES_ERROR;
				CLANG_WARN_RANGE_LOOP_ANALYSIS = YES;
				CLANG_WARN_STRICT_PROTOTYPES = YES;
				CLANG_WARN_SUSPICIOUS_MOVE = YES;
				CLANG_WARN_UNGUARDED_AVAILABILITY = YES_AGGRESSIVE;
				CLANG_WARN_UNREACHABLE_CODE = YES;
				CLANG_WARN__DUPLICATE_METHOD_MATCH = YES;
				COPY_PHASE_STRIP = NO;
				DEBUG_INFORMATION_FORMAT = "dwarf-with-dsym";
				ENABLE_NS_ASSERTIONS = NO;
				ENABLE_STRICT_OBJC_MSGSEND = YES;
				GCC_C_LANGUAGE_STANDARD = gnu11;
				GCC_NO_COMMON_BLOCKS = YES;
				GCC_WARN_64_TO_32_BIT_CONVERSION = YES;
				GCC_WARN_ABOUT_RETURN_TYPE = YES_ERROR;
				GCC_WARN_UNDECLARED_SELECTOR = YES;
				GCC_WARN_UNINITIALIZED_AUTOS = YES_AGGRESSIVE;
				GCC_WARN_UNUSED_FUNCTION = YES;
				GCC_WARN_UNUSED_VARIABLE = YES;
				IPHONEOS_DEPLOYMENT_TARGET = 13.2;
				MTL_ENABLE_DEBUG_INFO = NO;
				MTL_FAST_MATH = YES;
				SDKROOT = iphoneos;
				SWIFT_COMPILATION_MODE = wholemodule;
				SWIFT_OPTIMIZATION_LEVEL = "-O";
				VALIDATE_PRODUCT = YES;
			};
			name = Release;
		};
		FD4C3E8823EB286300A9056A /* Debug */ = {
			isa = XCBuildConfiguration;
			buildSettings = {
				ASSETCATALOG_COMPILER_APPICON_NAME = AppIcon;
				CODE_SIGN_STYLE = Automatic;
				DEVELOPMENT_TEAM = QQP6RH2SQ3;
				INFOPLIST_FILE = SpeechRecogniser/Info.plist;
				LD_RUNPATH_SEARCH_PATHS = (
					"$(inherited)",
					"@executable_path/Frameworks",
				);
				PRODUCT_BUNDLE_IDENTIFIER = com.foxandowl.SpeechRecogniser;
				PRODUCT_NAME = SpeechRec;
				SWIFT_VERSION = 5.0;
				TARGETED_DEVICE_FAMILY = 1;
			};
			name = Debug;
		};
		FD4C3E8923EB286300A9056A /* Release */ = {
			isa = XCBuildConfiguration;
			buildSettings = {
				ASSETCATALOG_COMPILER_APPICON_NAME = AppIcon;
				CODE_SIGN_STYLE = Automatic;
				DEVELOPMENT_TEAM = QQP6RH2SQ3;
				INFOPLIST_FILE = SpeechRecogniser/Info.plist;
				LD_RUNPATH_SEARCH_PATHS = (
					"$(inherited)",
					"@executable_path/Frameworks",
				);
				PRODUCT_BUNDLE_IDENTIFIER = com.foxandowl.SpeechRecogniser;
				PRODUCT_NAME = SpeechRec;
				SWIFT_VERSION = 5.0;
				TARGETED_DEVICE_FAMILY = 1;
			};
			name = Release;
		};
/* End XCBuildConfiguration section */

/* Begin XCConfigurationList section */
		FD4C3E6E23EB286000A9056A /* Build configuration list for PBXProject "SpeechRecogniser" */ = {
			isa = XCConfigurationList;
			buildConfigurations = (
				FD4C3E8523EB286300A9056A /* Debug */,
				FD4C3E8623EB286300A9056A /* Release */,
			);
			defaultConfigurationIsVisible = 0;
			defaultConfigurationName = Release;
		};
		FD4C3E8723EB286300A9056A /* Build configuration list for PBXNativeTarget "SpeechRecogniser" */ = {
			isa = XCConfigurationList;
			buildConfigurations = (
				FD4C3E8823EB286300A9056A /* Debug */,
				FD4C3E8923EB286300A9056A /* Release */,
			);
			defaultConfigurationIsVisible = 0;
			defaultConfigurationName = Release;
		};
/* End XCConfigurationList section */
	};
	rootObject = FD4C3E6B23EB286000A9056A /* Project object */;
}
